
Microsoft Visual Studio Solution File, Format Version 12.00
# Visual Studio Version 17
VisualStudioVersion = 17.0.31903.59
MinimumVisualStudioVersion = 10.0.40219.1
Project("{2150E333-8FDC-42A3-9474-1A3956D46DE8}") = "src", "src", "{827E0CD3-B72D-47B6-A68D-7590B98EB39B}"
EndProject
Project("{FAE04EC0-301F-11D3-BF4B-00C04F79EFBC}") = "Neo.Bpms.Application", "src\Neo.Bpms.Application\Neo.Bpms.Application.csproj", "{E2BE577D-5B2C-41E7-BE0B-FD1009E4744B}"
EndProject
Project("{FAE04EC0-301F-11D3-BF4B-00C04F79EFBC}") = "Neo.Bpms.Domain", "src\Neo.Bpms.Domain\Neo.Bpms.Domain.csproj", "{DCE66AE0-2A99-4DF5-B11B-BDCFFEFF3DEA}"
EndProject
Project("{FAE04EC0-301F-11D3-BF4B-00C04F79EFBC}") = "Neo.Bpms.Domain.Modeling", "src\Neo.Bpms.Domain.Modeling\Neo.Bpms.Domain.Modeling.csproj", "{3B86D481-77EA-4135-AC3E-10C0D891DEBB}"
EndProject
Project("{FAE04EC0-301F-11D3-BF4B-00C04F79EFBC}") = "Neo.Bpms.Infrastructure", "src\Neo.Bpms.Infrastructure\Neo.Bpms.Infrastructure.csproj", "{578E24DD-8BB7-4E86-97BE-BCDDE3C34120}"
EndProject
Project("{FAE04EC0-301F-11D3-BF4B-00C04F79EFBC}") = "Neo.Bpms.UI.Resources", "src\Neo.Bpms.UI.Resources\Neo.Bpms.UI.Resources.csproj", "{37847E23-0A9E-47A2-B47D-611DCFFE2D4A}"
EndProject
Project("{FAE04EC0-301F-11D3-BF4B-00C04F79EFBC}") = "Neo.Bpms.UI.MVC", "src\Neo.Bpms.UI.MVC\Neo.Bpms.UI.MVC.csproj", "{CBCB046F-B202-4BFC-8AB8-E33D2E3EC8A6}"
EndProject
Global
	GlobalSection(SolutionConfigurationPlatforms) = preSolution
		Debug|Any CPU = Debug|Any CPU
		Debug|x64 = Debug|x64
		Debug|x86 = Debug|x86
		Release|Any CPU = Release|Any CPU
		Release|x64 = Release|x64
		Release|x86 = Release|x86
	EndGlobalSection
	GlobalSection(ProjectConfigurationPlatforms) = postSolution
		{E2BE577D-5B2C-41E7-BE0B-FD1009E4744B}.Debug|Any CPU.ActiveCfg = Debug|Any CPU
		{E2BE577D-5B2C-41E7-BE0B-FD1009E4744B}.Debug|Any CPU.Build.0 = Debug|Any CPU
		{E2BE577D-5B2C-41E7-BE0B-FD1009E4744B}.Debug|x64.ActiveCfg = Debug|Any CPU
		{E2BE577D-5B2C-41E7-BE0B-FD1009E4744B}.Debug|x64.Build.0 = Debug|Any CPU
		{E2BE577D-5B2C-41E7-BE0B-FD1009E4744B}.Debug|x86.ActiveCfg = Debug|Any CPU
		{E2BE577D-5B2C-41E7-BE0B-FD1009E4744B}.Debug|x86.Build.0 = Debug|Any CPU
		{E2BE577D-5B2C-41E7-BE0B-FD1009E4744B}.Release|Any CPU.ActiveCfg = Release|Any CPU
		{E2BE577D-5B2C-41E7-BE0B-FD1009E4744B}.Release|Any CPU.Build.0 = Release|Any CPU
		{E2BE577D-5B2C-41E7-BE0B-FD1009E4744B}.Release|x64.ActiveCfg = Release|Any CPU
		{E2BE577D-5B2C-41E7-BE0B-FD1009E4744B}.Release|x64.Build.0 = Release|Any CPU
		{E2BE577D-5B2C-41E7-BE0B-FD1009E4744B}.Release|x86.ActiveCfg = Release|Any CPU
		{E2BE577D-5B2C-41E7-BE0B-FD1009E4744B}.Release|x86.Build.0 = Release|Any CPU
		{DCE66AE0-2A99-4DF5-B11B-BDCFFEFF3DEA}.Debug|Any CPU.ActiveCfg = Debug|Any CPU
		{DCE66AE0-2A99-4DF5-B11B-BDCFFEFF3DEA}.Debug|Any CPU.Build.0 = Debug|Any CPU
		{DCE66AE0-2A99-4DF5-B11B-BDCFFEFF3DEA}.Debug|x64.ActiveCfg = Debug|Any CPU
		{DCE66AE0-2A99-4DF5-B11B-BDCFFEFF3DEA}.Debug|x64.Build.0 = Debug|Any CPU
		{DCE66AE0-2A99-4DF5-B11B-BDCFFEFF3DEA}.Debug|x86.ActiveCfg = Debug|Any CPU
		{DCE66AE0-2A99-4DF5-B11B-BDCFFEFF3DEA}.Debug|x86.Build.0 = Debug|Any CPU
		{DCE66AE0-2A99-4DF5-B11B-BDCFFEFF3DEA}.Release|Any CPU.ActiveCfg = Release|Any CPU
		{DCE66AE0-2A99-4DF5-B11B-BDCFFEFF3DEA}.Release|Any CPU.Build.0 = Release|Any CPU
		{DCE66AE0-2A99-4DF5-B11B-BDCFFEFF3DEA}.Release|x64.ActiveCfg = Release|Any CPU
		{DCE66AE0-2A99-4DF5-B11B-BDCFFEFF3DEA}.Release|x64.Build.0 = Release|Any CPU
		{DCE66AE0-2A99-4DF5-B11B-BDCFFEFF3DEA}.Release|x86.ActiveCfg = Release|Any CPU
		{DCE66AE0-2A99-4DF5-B11B-BDCFFEFF3DEA}.Release|x86.Build.0 = Release|Any CPU
		{3B86D481-77EA-4135-AC3E-10C0D891DEBB}.Debug|Any CPU.ActiveCfg = Debug|Any CPU
		{3B86D481-77EA-4135-AC3E-10C0D891DEBB}.Debug|Any CPU.Build.0 = Debug|Any CPU
		{3B86D481-77EA-4135-AC3E-10C0D891DEBB}.Debug|x64.ActiveCfg = Debug|Any CPU
		{3B86D481-77EA-4135-AC3E-10C0D891DEBB}.Debug|x64.Build.0 = Debug|Any CPU
		{3B86D481-77EA-4135-AC3E-10C0D891DEBB}.Debug|x86.ActiveCfg = Debug|Any CPU
		{3B86D481-77EA-4135-AC3E-10C0D891DEBB}.Debug|x86.Build.0 = Debug|Any CPU
		{3B86D481-77EA-4135-AC3E-10C0D891DEBB}.Release|Any CPU.ActiveCfg = Release|Any CPU
		{3B86D481-77EA-4135-AC3E-10C0D891DEBB}.Release|Any CPU.Build.0 = Release|Any CPU
		{3B86D481-77EA-4135-AC3E-10C0D891DEBB}.Release|x64.ActiveCfg = Release|Any CPU
		{3B86D481-77EA-4135-AC3E-10C0D891DEBB}.Release|x64.Build.0 = Release|Any CPU
		{3B86D481-77EA-4135-AC3E-10C0D891DEBB}.Release|x86.ActiveCfg = Release|Any CPU
		{3B86D481-77EA-4135-AC3E-10C0D891DEBB}.Release|x86.Build.0 = Release|Any CPU
		{578E24DD-8BB7-4E86-97BE-BCDDE3C34120}.Debug|Any CPU.ActiveCfg = Debug|Any CPU
		{578E24DD-8BB7-4E86-97BE-BCDDE3C34120}.Debug|Any CPU.Build.0 = Debug|Any CPU
		{578E24DD-8BB7-4E86-97BE-BCDDE3C34120}.Debug|x64.ActiveCfg = Debug|Any CPU
		{578E24DD-8BB7-4E86-97BE-BCDDE3C34120}.Debug|x64.Build.0 = Debug|Any CPU
		{578E24DD-8BB7-4E86-97BE-BCDDE3C34120}.Debug|x86.ActiveCfg = Debug|Any CPU
		{578E24DD-8BB7-4E86-97BE-BCDDE3C34120}.Debug|x86.Build.0 = Debug|Any CPU
		{578E24DD-8BB7-4E86-97BE-BCDDE3C34120}.Release|Any CPU.ActiveCfg = Release|Any CPU
		{578E24DD-8BB7-4E86-97BE-BCDDE3C34120}.Release|Any CPU.Build.0 = Release|Any CPU
		{578E24DD-8BB7-4E86-97BE-BCDDE3C34120}.Release|x64.ActiveCfg = Release|Any CPU
		{578E24DD-8BB7-4E86-97BE-BCDDE3C34120}.Release|x64.Build.0 = Release|Any CPU
		{578E24DD-8BB7-4E86-97BE-BCDDE3C34120}.Release|x86.ActiveCfg = Release|Any CPU
		{578E24DD-8BB7-4E86-97BE-BCDDE3C34120}.Release|x86.Build.0 = Release|Any CPU
		{37847E23-0A9E-47A2-B47D-611DCFFE2D4A}.Debug|Any CPU.ActiveCfg = Debug|Any CPU
		{37847E23-0A9E-47A2-B47D-611DCFFE2D4A}.Debug|Any CPU.Build.0 = Debug|Any CPU
		{37847E23-0A9E-47A2-B47D-611DCFFE2D4A}.Debug|x64.ActiveCfg = Debug|Any CPU
		{37847E23-0A9E-47A2-B47D-611DCFFE2D4A}.Debug|x64.Build.0 = Debug|Any CPU
		{37847E23-0A9E-47A2-B47D-611DCFFE2D4A}.Debug|x86.ActiveCfg = Debug|Any CPU
		{37847E23-0A9E-47A2-B47D-611DCFFE2D4A}.Debug|x86.Build.0 = Debug|Any CPU
		{37847E23-0A9E-47A2-B47D-611DCFFE2D4A}.Release|Any CPU.ActiveCfg = Release|Any CPU
		{37847E23-0A9E-47A2-B47D-611DCFFE2D4A}.Release|Any CPU.Build.0 = Release|Any CPU
		{37847E23-0A9E-47A2-B47D-611DCFFE2D4A}.Release|x64.ActiveCfg = Release|Any CPU
		{37847E23-0A9E-47A2-B47D-611DCFFE2D4A}.Release|x64.Build.0 = Release|Any CPU
		{37847E23-0A9E-47A2-B47D-611DCFFE2D4A}.Release|x86.ActiveCfg = Release|Any CPU
		{37847E23-0A9E-47A2-B47D-611DCFFE2D4A}.Release|x86.Build.0 = Release|Any CPU
		{CBCB046F-B202-4BFC-8AB8-E33D2E3EC8A6}.Debug|Any CPU.ActiveCfg = Debug|Any CPU
		{CBCB046F-B202-4BFC-8AB8-E33D2E3EC8A6}.Debug|Any CPU.Build.0 = Debug|Any CPU
		{CBCB046F-B202-4BFC-8AB8-E33D2E3EC8A6}.Debug|x64.ActiveCfg = Debug|Any CPU
		{CBCB046F-B202-4BFC-8AB8-E33D2E3EC8A6}.Debug|x64.Build.0 = Debug|Any CPU
		{CBCB046F-B202-4BFC-8AB8-E33D2E3EC8A6}.Debug|x86.ActiveCfg = Debug|Any CPU
		{CBCB046F-B202-4BFC-8AB8-E33D2E3EC8A6}.Debug|x86.Build.0 = Debug|Any CPU
		{CBCB046F-B202-4BFC-8AB8-E33D2E3EC8A6}.Release|Any CPU.ActiveCfg = Release|Any CPU
		{CBCB046F-B202-4BFC-8AB8-E33D2E3EC8A6}.Release|Any CPU.Build.0 = Release|Any CPU
		{CBCB046F-B202-4BFC-8AB8-E33D2E3EC8A6}.Release|x64.ActiveCfg = Release|Any CPU
		{CBCB046F-B202-4BFC-8AB8-E33D2E3EC8A6}.Release|x64.Build.0 = Release|Any CPU
		{CBCB046F-B202-4BFC-8AB8-E33D2E3EC8A6}.Release|x86.ActiveCfg = Release|Any CPU
		{CBCB046F-B202-4BFC-8AB8-E33D2E3EC8A6}.Release|x86.Build.0 = Release|Any CPU
	EndGlobalSection
	GlobalSection(SolutionProperties) = preSolution
		HideSolutionNode = FALSE
	EndGlobalSection
	GlobalSection(NestedProjects) = preSolution
		{E2BE577D-5B2C-41E7-BE0B-FD1009E4744B} = {827E0CD3-B72D-47B6-A68D-7590B98EB39B}
		{DCE66AE0-2A99-4DF5-B11B-BDCFFEFF3DEA} = {827E0CD3-B72D-47B6-A68D-7590B98EB39B}
		{3B86D481-77EA-4135-AC3E-10C0D891DEBB} = {827E0CD3-B72D-47B6-A68D-7590B98EB39B}
		{578E24DD-8BB7-4E86-97BE-BCDDE3C34120} = {827E0CD3-B72D-47B6-A68D-7590B98EB39B}
		{37847E23-0A9E-47A2-B47D-611DCFFE2D4A} = {827E0CD3-B72D-47B6-A68D-7590B98EB39B}
		{CBCB046F-B202-4BFC-8AB8-E33D2E3EC8A6} = {827E0CD3-B72D-47B6-A68D-7590B98EB39B}
	EndGlobalSection
EndGlobal
